
Microsoft Visual Studio Solution File, Format Version 12.00
# Visual Studio Version 16
VisualStudioVersion = 16.0.30320.27
MinimumVisualStudioVersion = 10.0.40219.1
Project("{FAE04EC0-301F-11D3-BF4B-00C04F79EFBC}") = "TicTacToePrototype", "TicTacToePrototype\TicTacToePrototype.csproj", "{0FB32F61-6149-4B14-8EA5-F63CCE155D70}"
EndProject
Project("{FAE04EC0-301F-11D3-BF4B-00C04F79EFBC}") = "NetLib", "NetLib\NetLib.csproj", "{408B6892-9FE8-441D-A875-8325E9BE4815}"
EndProject
Project("{FAE04EC0-301F-11D3-BF4B-00C04F79EFBC}") = "TicTacToeNetworkGame", "TicTacToeNetworkGame\TicTacToeNetworkGame.csproj", "{D3DD7014-6ACC-4480-B4D7-66A20DFED356}"
EndProject
Global
	GlobalSection(SolutionConfigurationPlatforms) = preSolution
		Debug|Any CPU = Debug|Any CPU
		Release|Any CPU = Release|Any CPU
	EndGlobalSection
	GlobalSection(ProjectConfigurationPlatforms) = postSolution
		{0FB32F61-6149-4B14-8EA5-F63CCE155D70}.Debug|Any CPU.ActiveCfg = Debug|Any CPU
		{0FB32F61-6149-4B14-8EA5-F63CCE155D70}.Debug|Any CPU.Build.0 = Debug|Any CPU
		{0FB32F61-6149-4B14-8EA5-F63CCE155D70}.Release|Any CPU.ActiveCfg = Release|Any CPU
		{0FB32F61-6149-4B14-8EA5-F63CCE155D70}.Release|Any CPU.Build.0 = Release|Any CPU
		{408B6892-9FE8-441D-A875-8325E9BE4815}.Debug|Any CPU.ActiveCfg = Debug|Any CPU
		{408B6892-9FE8-441D-A875-8325E9BE4815}.Debug|Any CPU.Build.0 = Debug|Any CPU
		{408B6892-9FE8-441D-A875-8325E9BE4815}.Release|Any CPU.ActiveCfg = Release|Any CPU
		{408B6892-9FE8-441D-A875-8325E9BE4815}.Release|Any CPU.Build.0 = Release|Any CPU
		{D3DD7014-6ACC-4480-B4D7-66A20DFED356}.Debug|Any CPU.ActiveCfg = Debug|Any CPU
		{D3DD7014-6ACC-4480-B4D7-66A20DFED356}.Debug|Any CPU.Build.0 = Debug|Any CPU
		{D3DD7014-6ACC-4480-B4D7-66A20DFED356}.Release|Any CPU.ActiveCfg = Release|Any CPU
		{D3DD7014-6ACC-4480-B4D7-66A20DFED356}.Release|Any CPU.Build.0 = Release|Any CPU
	EndGlobalSection
	GlobalSection(SolutionProperties) = preSolution
		HideSolutionNode = FALSE
	EndGlobalSection
	GlobalSection(ExtensibilityGlobals) = postSolution
		SolutionGuid = {80F790DC-AE87-4736-8A83-D522A5514D5A}
	EndGlobalSection
EndGlobal
